{
    "version": 3,
    "terraform_version": "0.7.0",
    "serial": 2,
    "lineage": "740b0e1f-bfaf-493f-9b61-b1cdab7f9032",
    "modules": [
        {
            "path": [
                "root"
            ],
            "outputs": {
                "demo_help": {
                    "sensitive": false,
                    "type": "string",
                    "value": "Module: Demo1\n\nThis is the help message\n\nvar Number - This is a demo output for a number that does nothing\nvar Letter - This is a demo output for a letter that does nothing\n"
                }
            },
            "resources": {}
        },
        {
            "path": [
                "root",
                "demo"
            ],
            "outputs": {
                "help": {
                    "sensitive": false,
                    "type": "string",
                    "value": "Module: Demo1\n\nThis is the help message\n\nvar Number - This is a demo output for a number that does nothing\nvar Letter - This is a demo output for a letter that does nothing\n"
                }
            },
            "resources": {
                "template_file.demo_resource": {
                    "type": "template_file",
                    "primary": {
                        "id": "db1fbff21781b1eb3da8b5a7722beb1a01dddaa2f6c126af79e5ed17907b6329",
                        "attributes": {
                            "id": "db1fbff21781b1eb3da8b5a7722beb1a01dddaa2f6c126af79e5ed17907b6329",
                            "rendered": "Module: Demo1\n\nThis is the help message\n\nvar Number - This is a demo output for a number that does nothing\nvar Letter - This is a demo output for a letter that does nothing\n",
                            "template": "Module: ${ name }\n\nThis is the help message\n\nvar ${var1} - This is a demo output for ${v1description}\nvar ${var2} - This is a demo output for ${v2description}\n",
                            "vars.%": "5",
                            "vars.name": "Demo1",
                            "vars.v1description": "a number that does nothing",
                            "vars.v2description": "a letter that does nothing",
                            "vars.var1": "Number",
                            "vars.var2": "Letter"
                        }
                    }
                }
            }
        }
    ]
}
