{
    "version": 3,
    "terraform_version": "0.7.0",
    "serial": 1,
    "lineage": "740b0e1f-bfaf-493f-9b61-b1cdab7f9032",
    "modules": [
        {
            "path": [
                "root"
            ],
            "outputs": {
                "demo_help": {
                    "sensitive": false,
                    "type": "string",
                    "value": "../../templates/module_demo_help.txt.tpl"
                }
            },
            "resources": {}
        },
        {
            "path": [
                "root",
                "demo"
            ],
            "outputs": {
                "help": {
                    "sensitive": false,
                    "type": "string",
                    "value": "../../templates/module_demo_help.txt.tpl"
                }
            },
            "resources": {
                "template_file.demo_resource": {
                    "type": "template_file",
                    "primary": {
                        "id": "09dce8583dc1bf14d7a65a12aecc492314f9969e3fb418f8dbe04622b3717bad",
                        "attributes": {
                            "id": "09dce8583dc1bf14d7a65a12aecc492314f9969e3fb418f8dbe04622b3717bad",
                            "rendered": "../../templates/module_demo_help.txt.tpl",
                            "template": "../../templates/module_demo_help.txt.tpl",
                            "vars.%": "5",
                            "vars.name": "Demo1",
                            "vars.v1description": "a number that does nothing",
                            "vars.v2description": "a letter that does nothing",
                            "vars.var1": "Number",
                            "vars.var2": "Letter"
                        }
                    }
                }
            }
        }
    ]
}
